Microsoft Visual Studio Solution File, Format Version 12.00
# Visual Studio Version 17
VisualStudioVersion = 17.5.2.0
MinimumVisualStudioVersion = 10.0.40219.1
EndProject
Project("{FAE04EC0-301F-11D3-BF4B-00C04F79EFBC}") = "auth.domain", "auth.domain\auth.domain.csproj", "{D424EE16-3EE3-4DE7-9C94-EE7FCFB1504A}"
EndProject
Project("{FAE04EC0-301F-11D3-BF4B-00C04F79EFBC}") = "auth.application", "auth.application\auth.application.csproj", "{6C1B2FCA-9449-4044-A4F2-427AC89B9838}"
EndProject
Project("{FAE04EC0-301F-11D3-BF4B-00C04F79EFBC}") = "auth.infrastructure", "auth.infrastructure\auth.infrastructure.csproj", "{0B57E605-C6BC-48B8-9F87-8336B56D810E}"
EndProject
Project("{FAE04EC0-301F-11D3-BF4B-00C04F79EFBC}") = "auth.webapi", "auth.webapi\auth.webapi.csproj", "{32A8F06A-8839-4674-8F6B-87B988B9A0A2}"
EndProject
Global
	GlobalSection(SolutionConfigurationPlatforms) = preSolution
		Debug|Any CPU = Debug|Any CPU
		Release|Any CPU = Release|Any CPU
	EndGlobalSection
	GlobalSection(ProjectConfigurationPlatforms) = postSolution
		{6BCDB098-0EFF-4F16-9464-C9F858C4E16E}.Debug|Any CPU.ActiveCfg = Debug|Any CPU
		{6BCDB098-0EFF-4F16-9464-C9F858C4E16E}.Debug|Any CPU.Build.0 = Debug|Any CPU
		{6BCDB098-0EFF-4F16-9464-C9F858C4E16E}.Release|Any CPU.ActiveCfg = Release|Any CPU
		{6BCDB098-0EFF-4F16-9464-C9F858C4E16E}.Release|Any CPU.Build.0 = Release|Any CPU
		{D424EE16-3EE3-4DE7-9C94-EE7FCFB1504A}.Debug|Any CPU.ActiveCfg = Debug|Any CPU
		{D424EE16-3EE3-4DE7-9C94-EE7FCFB1504A}.Debug|Any CPU.Build.0 = Debug|Any CPU
		{D424EE16-3EE3-4DE7-9C94-EE7FCFB1504A}.Release|Any CPU.ActiveCfg = Release|Any CPU
		{D424EE16-3EE3-4DE7-9C94-EE7FCFB1504A}.Release|Any CPU.Build.0 = Release|Any CPU
		{6C1B2FCA-9449-4044-A4F2-427AC89B9838}.Debug|Any CPU.ActiveCfg = Debug|Any CPU
		{6C1B2FCA-9449-4044-A4F2-427AC89B9838}.Debug|Any CPU.Build.0 = Debug|Any CPU
		{6C1B2FCA-9449-4044-A4F2-427AC89B9838}.Release|Any CPU.ActiveCfg = Release|Any CPU
		{6C1B2FCA-9449-4044-A4F2-427AC89B9838}.Release|Any CPU.Build.0 = Release|Any CPU
		{0B57E605-C6BC-48B8-9F87-8336B56D810E}.Debug|Any CPU.ActiveCfg = Debug|Any CPU
		{0B57E605-C6BC-48B8-9F87-8336B56D810E}.Debug|Any CPU.Build.0 = Debug|Any CPU
		{0B57E605-C6BC-48B8-9F87-8336B56D810E}.Release|Any CPU.ActiveCfg = Release|Any CPU
		{0B57E605-C6BC-48B8-9F87-8336B56D810E}.Release|Any CPU.Build.0 = Release|Any CPU
		{32A8F06A-8839-4674-8F6B-87B988B9A0A2}.Debug|Any CPU.ActiveCfg = Debug|Any CPU
		{32A8F06A-8839-4674-8F6B-87B988B9A0A2}.Debug|Any CPU.Build.0 = Debug|Any CPU
		{32A8F06A-8839-4674-8F6B-87B988B9A0A2}.Release|Any CPU.ActiveCfg = Release|Any CPU
		{32A8F06A-8839-4674-8F6B-87B988B9A0A2}.Release|Any CPU.Build.0 = Release|Any CPU
	EndGlobalSection
	GlobalSection(SolutionProperties) = preSolution
		HideSolutionNode = FALSE
	EndGlobalSection
	GlobalSection(ExtensibilityGlobals) = postSolution
		SolutionGuid = {9CED88E2-7DB5-4441-AF46-2700513BAF02}
	EndGlobalSection
EndGlobal
